
Microsoft Visual Studio Solution File, Format Version 12.00
# Visual Studio 15
VisualStudioVersion = 15.0.28307.852
MinimumVisualStudioVersion = 10.0.40219.1
Project("{8BC9CEB8-8B4A-11D0-8D11-00A0C91BC942}") = "LR1 exmp3", "LR1 exmp3.vcxproj", "{FC9FB7C1-9ED4-4763-95AC-F87E2B801C64}"
EndProject
Global
	GlobalSection(SolutionConfigurationPlatforms) = preSolution
		Debug|x64 = Debug|x64
		Debug|x86 = Debug|x86
		Release|x64 = Release|x64
		Release|x86 = Release|x86
	EndGlobalSection
	GlobalSection(ProjectConfigurationPlatforms) = postSolution
		{FC9FB7C1-9ED4-4763-95AC-F87E2B801C64}.Debug|x64.ActiveCfg = Debug|x64
		{FC9FB7C1-9ED4-4763-95AC-F87E2B801C64}.Debug|x64.Build.0 = Debug|x64
		{FC9FB7C1-9ED4-4763-95AC-F87E2B801C64}.Debug|x86.ActiveCfg = Debug|Win32
		{FC9FB7C1-9ED4-4763-95AC-F87E2B801C64}.Debug|x86.Build.0 = Debug|Win32
		{FC9FB7C1-9ED4-4763-95AC-F87E2B801C64}.Release|x64.ActiveCfg = Release|x64
		{FC9FB7C1-9ED4-4763-95AC-F87E2B801C64}.Release|x64.Build.0 = Release|x64
		{FC9FB7C1-9ED4-4763-95AC-F87E2B801C64}.Release|x86.ActiveCfg = Release|Win32
		{FC9FB7C1-9ED4-4763-95AC-F87E2B801C64}.Release|x86.Build.0 = Release|Win32
	EndGlobalSection
	GlobalSection(SolutionProperties) = preSolution
		HideSolutionNode = FALSE
	EndGlobalSection
	GlobalSection(ExtensibilityGlobals) = postSolution
		SolutionGuid = {6AE4A316-D2C4-4D08-B46E-36DA1AE9CCF7}
	EndGlobalSection
EndGlobal
