
Microsoft Visual Studio Solution File, Format Version 12.00
# Visual Studio Version 17
VisualStudioVersion = 17.4.33403.182
MinimumVisualStudioVersion = 10.0.40219.1
Project("{8BC9CEB8-8B4A-11D0-8D11-00A0C91BC942}") = "LR_ Own String", "LR_ Own String\LR_ Own String.vcxproj", "{0A7F0B0E-679C-49F1-972A-DC2A27C13DBF}"
EndProject
Global
	GlobalSection(SolutionConfigurationPlatforms) = preSolution
		Debug|x64 = Debug|x64
		Debug|x86 = Debug|x86
		Release|x64 = Release|x64
		Release|x86 = Release|x86
	EndGlobalSection
	GlobalSection(ProjectConfigurationPlatforms) = postSolution
		{0A7F0B0E-679C-49F1-972A-DC2A27C13DBF}.Debug|x64.ActiveCfg = Debug|x64
		{0A7F0B0E-679C-49F1-972A-DC2A27C13DBF}.Debug|x64.Build.0 = Debug|x64
		{0A7F0B0E-679C-49F1-972A-DC2A27C13DBF}.Debug|x86.ActiveCfg = Debug|Win32
		{0A7F0B0E-679C-49F1-972A-DC2A27C13DBF}.Debug|x86.Build.0 = Debug|Win32
		{0A7F0B0E-679C-49F1-972A-DC2A27C13DBF}.Release|x64.ActiveCfg = Release|x64
		{0A7F0B0E-679C-49F1-972A-DC2A27C13DBF}.Release|x64.Build.0 = Release|x64
		{0A7F0B0E-679C-49F1-972A-DC2A27C13DBF}.Release|x86.ActiveCfg = Release|Win32
		{0A7F0B0E-679C-49F1-972A-DC2A27C13DBF}.Release|x86.Build.0 = Release|Win32
	EndGlobalSection
	GlobalSection(SolutionProperties) = preSolution
		HideSolutionNode = FALSE
	EndGlobalSection
	GlobalSection(ExtensibilityGlobals) = postSolution
		SolutionGuid = {041DCE9E-5500-4FE5-934C-1165F42033BD}
	EndGlobalSection
EndGlobal
